
Microsoft Visual Studio Solution File, Format Version 12.00
# Visual Studio 15
VisualStudioVersion = 15.0.28307.902
MinimumVisualStudioVersion = 10.0.40219.1
Project("{FAE04EC0-301F-11D3-BF4B-00C04F79EFBC}") = "FitBuddy.Android", "FitBuddy\FitBuddy.Android\FitBuddy.Android.csproj", "{9EB36535-9562-43E4-976A-0D3099649273}"
EndProject
Project("{FAE04EC0-301F-11D3-BF4B-00C04F79EFBC}") = "FitBuddy.iOS", "FitBuddy\FitBuddy.iOS\FitBuddy.iOS.csproj", "{74AD52D3-943A-4DBC-9983-B04385D53A85}"
EndProject
Project("{FAE04EC0-301F-11D3-BF4B-00C04F79EFBC}") = "FitBuddy.UWP", "FitBuddy\FitBuddy.UWP\FitBuddy.UWP.csproj", "{05ED0E32-B846-4DDC-910C-9E4E0B57CC2F}"
EndProject
Project("{9A19103F-16F7-4668-BE54-9A1E7A4F7556}") = "FitBuddy.MobileAppService", "FitBuddy\FitBuddy.MobileAppService\FitBuddy.MobileAppService.csproj", "{56FB4FF7-EFB3-4FBB-A219-FAE11AE9C974}"
EndProject
Project("{9A19103F-16F7-4668-BE54-9A1E7A4F7556}") = "FitBuddy", "FitBuddy\FitBuddy\FitBuddy.csproj", "{F3E179FB-4FD4-45E0-9870-7B0862BEA62D}"
EndProject
Global
	GlobalSection(SolutionConfigurationPlatforms) = preSolution
		Debug|Any CPU = Debug|Any CPU
		Debug|ARM = Debug|ARM
		Debug|iPhone = Debug|iPhone
		Debug|iPhoneSimulator = Debug|iPhoneSimulator
		Debug|x64 = Debug|x64
		Debug|x86 = Debug|x86
		Release|Any CPU = Release|Any CPU
		Release|ARM = Release|ARM
		Release|iPhone = Release|iPhone
		Release|iPhoneSimulator = Release|iPhoneSimulator
		Release|x64 = Release|x64
		Release|x86 = Release|x86
	EndGlobalSection
	GlobalSection(ProjectConfigurationPlatforms) = postSolution
		{9EB36535-9562-43E4-976A-0D3099649273}.Debug|Any CPU.ActiveCfg = Debug|Any CPU
		{9EB36535-9562-43E4-976A-0D3099649273}.Debug|Any CPU.Build.0 = Debug|Any CPU
		{9EB36535-9562-43E4-976A-0D3099649273}.Debug|Any CPU.Deploy.0 = Debug|Any CPU
		{9EB36535-9562-43E4-976A-0D3099649273}.Debug|ARM.ActiveCfg = Debug|Any CPU
		{9EB36535-9562-43E4-976A-0D3099649273}.Debug|ARM.Build.0 = Debug|Any CPU
		{9EB36535-9562-43E4-976A-0D3099649273}.Debug|ARM.Deploy.0 = Debug|Any CPU
		{9EB36535-9562-43E4-976A-0D3099649273}.Debug|iPhone.ActiveCfg = Debug|Any CPU
		{9EB36535-9562-43E4-976A-0D3099649273}.Debug|iPhone.Build.0 = Debug|Any CPU
		{9EB36535-9562-43E4-976A-0D3099649273}.Debug|iPhone.Deploy.0 = Debug|Any CPU
		{9EB36535-9562-43E4-976A-0D3099649273}.Debug|iPhoneSimulator.ActiveCfg = Debug|Any CPU
		{9EB36535-9562-43E4-976A-0D3099649273}.Debug|iPhoneSimulator.Build.0 = Debug|Any CPU
		{9EB36535-9562-43E4-976A-0D3099649273}.Debug|iPhoneSimulator.Deploy.0 = Debug|Any CPU
		{9EB36535-9562-43E4-976A-0D3099649273}.Debug|x64.ActiveCfg = Debug|Any CPU
		{9EB36535-9562-43E4-976A-0D3099649273}.Debug|x64.Build.0 = Debug|Any CPU
		{9EB36535-9562-43E4-976A-0D3099649273}.Debug|x64.Deploy.0 = Debug|Any CPU
		{9EB36535-9562-43E4-976A-0D3099649273}.Debug|x86.ActiveCfg = Debug|Any CPU
		{9EB36535-9562-43E4-976A-0D3099649273}.Debug|x86.Build.0 = Debug|Any CPU
		{9EB36535-9562-43E4-976A-0D3099649273}.Debug|x86.Deploy.0 = Debug|Any CPU
		{9EB36535-9562-43E4-976A-0D3099649273}.Release|Any CPU.ActiveCfg = Release|Any CPU
		{9EB36535-9562-43E4-976A-0D3099649273}.Release|Any CPU.Build.0 = Release|Any CPU
		{9EB36535-9562-43E4-976A-0D3099649273}.Release|Any CPU.Deploy.0 = Release|Any CPU
		{9EB36535-9562-43E4-976A-0D3099649273}.Release|ARM.ActiveCfg = Release|Any CPU
		{9EB36535-9562-43E4-976A-0D3099649273}.Release|ARM.Build.0 = Release|Any CPU
		{9EB36535-9562-43E4-976A-0D3099649273}.Release|ARM.Deploy.0 = Release|Any CPU
		{9EB36535-9562-43E4-976A-0D3099649273}.Release|iPhone.ActiveCfg = Release|Any CPU
		{9EB36535-9562-43E4-976A-0D3099649273}.Release|iPhone.Build.0 = Release|Any CPU
		{9EB36535-9562-43E4-976A-0D3099649273}.Release|iPhone.Deploy.0 = Release|Any CPU
		{9EB36535-9562-43E4-976A-0D3099649273}.Release|iPhoneSimulator.ActiveCfg = Release|Any CPU
		{9EB36535-9562-43E4-976A-0D3099649273}.Release|iPhoneSimulator.Build.0 = Release|Any CPU
		{9EB36535-9562-43E4-976A-0D3099649273}.Release|iPhoneSimulator.Deploy.0 = Release|Any CPU
		{9EB36535-9562-43E4-976A-0D3099649273}.Release|x64.ActiveCfg = Release|Any CPU
		{9EB36535-9562-43E4-976A-0D3099649273}.Release|x64.Build.0 = Release|Any CPU
		{9EB36535-9562-43E4-976A-0D3099649273}.Release|x64.Deploy.0 = Release|Any CPU
		{9EB36535-9562-43E4-976A-0D3099649273}.Release|x86.ActiveCfg = Release|Any CPU
		{9EB36535-9562-43E4-976A-0D3099649273}.Release|x86.Build.0 = Release|Any CPU
		{9EB36535-9562-43E4-976A-0D3099649273}.Release|x86.Deploy.0 = Release|Any CPU
		{74AD52D3-943A-4DBC-9983-B04385D53A85}.Debug|Any CPU.ActiveCfg = Debug|iPhoneSimulator
		{74AD52D3-943A-4DBC-9983-B04385D53A85}.Debug|Any CPU.Build.0 = Debug|iPhoneSimulator
		{74AD52D3-943A-4DBC-9983-B04385D53A85}.Debug|Any CPU.Deploy.0 = Debug|iPhoneSimulator
		{74AD52D3-943A-4DBC-9983-B04385D53A85}.Debug|ARM.ActiveCfg = Debug|iPhone
		{74AD52D3-943A-4DBC-9983-B04385D53A85}.Debug|ARM.Build.0 = Debug|iPhone
		{74AD52D3-943A-4DBC-9983-B04385D53A85}.Debug|ARM.Deploy.0 = Debug|iPhone
		{74AD52D3-943A-4DBC-9983-B04385D53A85}.Debug|iPhone.ActiveCfg = Debug|iPhone
		{74AD52D3-943A-4DBC-9983-B04385D53A85}.Debug|iPhone.Build.0 = Debug|iPhone
		{74AD52D3-943A-4DBC-9983-B04385D53A85}.Debug|iPhone.Deploy.0 = Debug|iPhone
		{74AD52D3-943A-4DBC-9983-B04385D53A85}.Debug|iPhoneSimulator.ActiveCfg = Debug|iPhoneSimulator
		{74AD52D3-943A-4DBC-9983-B04385D53A85}.Debug|iPhoneSimulator.Build.0 = Debug|iPhoneSimulator
		{74AD52D3-943A-4DBC-9983-B04385D53A85}.Debug|iPhoneSimulator.Deploy.0 = Debug|iPhoneSimulator
		{74AD52D3-943A-4DBC-9983-B04385D53A85}.Debug|x64.ActiveCfg = Debug|iPhone
		{74AD52D3-943A-4DBC-9983-B04385D53A85}.Debug|x64.Build.0 = Debug|iPhone
		{74AD52D3-943A-4DBC-9983-B04385D53A85}.Debug|x64.Deploy.0 = Debug|iPhone
		{74AD52D3-943A-4DBC-9983-B04385D53A85}.Debug|x86.ActiveCfg = Debug|iPhone
		{74AD52D3-943A-4DBC-9983-B04385D53A85}.Debug|x86.Build.0 = Debug|iPhone
		{74AD52D3-943A-4DBC-9983-B04385D53A85}.Debug|x86.Deploy.0 = Debug|iPhone
		{74AD52D3-943A-4DBC-9983-B04385D53A85}.Release|Any CPU.ActiveCfg = Release|iPhone
		{74AD52D3-943A-4DBC-9983-B04385D53A85}.Release|Any CPU.Build.0 = Release|iPhone
		{74AD52D3-943A-4DBC-9983-B04385D53A85}.Release|Any CPU.Deploy.0 = Release|iPhone
		{74AD52D3-943A-4DBC-9983-B04385D53A85}.Release|ARM.ActiveCfg = Release|iPhone
		{74AD52D3-943A-4DBC-9983-B04385D53A85}.Release|ARM.Build.0 = Release|iPhone
		{74AD52D3-943A-4DBC-9983-B04385D53A85}.Release|ARM.Deploy.0 = Release|iPhone
		{74AD52D3-943A-4DBC-9983-B04385D53A85}.Release|iPhone.ActiveCfg = Release|iPhone
		{74AD52D3-943A-4DBC-9983-B04385D53A85}.Release|iPhone.Build.0 = Release|iPhone
		{74AD52D3-943A-4DBC-9983-B04385D53A85}.Release|iPhone.Deploy.0 = Release|iPhone
		{74AD52D3-943A-4DBC-9983-B04385D53A85}.Release|iPhoneSimulator.ActiveCfg = Release|iPhoneSimulator
		{74AD52D3-943A-4DBC-9983-B04385D53A85}.Release|iPhoneSimulator.Build.0 = Release|iPhoneSimulator
		{74AD52D3-943A-4DBC-9983-B04385D53A85}.Release|iPhoneSimulator.Deploy.0 = Release|iPhoneSimulator
		{74AD52D3-943A-4DBC-9983-B04385D53A85}.Release|x64.ActiveCfg = Release|iPhone
		{74AD52D3-943A-4DBC-9983-B04385D53A85}.Release|x64.Build.0 = Release|iPhone
		{74AD52D3-943A-4DBC-9983-B04385D53A85}.Release|x64.Deploy.0 = Release|iPhone
		{74AD52D3-943A-4DBC-9983-B04385D53A85}.Release|x86.ActiveCfg = Release|iPhone
		{74AD52D3-943A-4DBC-9983-B04385D53A85}.Release|x86.Build.0 = Release|iPhone
		{74AD52D3-943A-4DBC-9983-B04385D53A85}.Release|x86.Deploy.0 = Release|iPhone
		{05ED0E32-B846-4DDC-910C-9E4E0B57CC2F}.Debug|Any CPU.ActiveCfg = Debug|x86
		{05ED0E32-B846-4DDC-910C-9E4E0B57CC2F}.Debug|Any CPU.Build.0 = Debug|x86
		{05ED0E32-B846-4DDC-910C-9E4E0B57CC2F}.Debug|Any CPU.Deploy.0 = Debug|x86
		{05ED0E32-B846-4DDC-910C-9E4E0B57CC2F}.Debug|ARM.ActiveCfg = Debug|ARM
		{05ED0E32-B846-4DDC-910C-9E4E0B57CC2F}.Debug|ARM.Build.0 = Debug|ARM
		{05ED0E32-B846-4DDC-910C-9E4E0B57CC2F}.Debug|ARM.Deploy.0 = Debug|ARM
		{05ED0E32-B846-4DDC-910C-9E4E0B57CC2F}.Debug|iPhone.ActiveCfg = Debug|x86
		{05ED0E32-B846-4DDC-910C-9E4E0B57CC2F}.Debug|iPhone.Build.0 = Debug|x86
		{05ED0E32-B846-4DDC-910C-9E4E0B57CC2F}.Debug|iPhone.Deploy.0 = Debug|x86
		{05ED0E32-B846-4DDC-910C-9E4E0B57CC2F}.Debug|iPhoneSimulator.ActiveCfg = Debug|x86
		{05ED0E32-B846-4DDC-910C-9E4E0B57CC2F}.Debug|iPhoneSimulator.Build.0 = Debug|x86
		{05ED0E32-B846-4DDC-910C-9E4E0B57CC2F}.Debug|iPhoneSimulator.Deploy.0 = Debug|x86
		{05ED0E32-B846-4DDC-910C-9E4E0B57CC2F}.Debug|x64.ActiveCfg = Debug|x64
		{05ED0E32-B846-4DDC-910C-9E4E0B57CC2F}.Debug|x64.Build.0 = Debug|x64
		{05ED0E32-B846-4DDC-910C-9E4E0B57CC2F}.Debug|x64.Deploy.0 = Debug|x64
		{05ED0E32-B846-4DDC-910C-9E4E0B57CC2F}.Debug|x86.ActiveCfg = Debug|x86
		{05ED0E32-B846-4DDC-910C-9E4E0B57CC2F}.Debug|x86.Build.0 = Debug|x86
		{05ED0E32-B846-4DDC-910C-9E4E0B57CC2F}.Debug|x86.Deploy.0 = Debug|x86
		{05ED0E32-B846-4DDC-910C-9E4E0B57CC2F}.Release|Any CPU.ActiveCfg = Release|x86
		{05ED0E32-B846-4DDC-910C-9E4E0B57CC2F}.Release|Any CPU.Build.0 = Release|x86
		{05ED0E32-B846-4DDC-910C-9E4E0B57CC2F}.Release|Any CPU.Deploy.0 = Release|x86
		{05ED0E32-B846-4DDC-910C-9E4E0B57CC2F}.Release|ARM.ActiveCfg = Release|ARM
		{05ED0E32-B846-4DDC-910C-9E4E0B57CC2F}.Release|ARM.Build.0 = Release|ARM
		{05ED0E32-B846-4DDC-910C-9E4E0B57CC2F}.Release|ARM.Deploy.0 = Release|ARM
		{05ED0E32-B846-4DDC-910C-9E4E0B57CC2F}.Release|iPhone.ActiveCfg = Release|x86
		{05ED0E32-B846-4DDC-910C-9E4E0B57CC2F}.Release|iPhone.Build.0 = Release|x86
		{05ED0E32-B846-4DDC-910C-9E4E0B57CC2F}.Release|iPhone.Deploy.0 = Release|x86
		{05ED0E32-B846-4DDC-910C-9E4E0B57CC2F}.Release|iPhoneSimulator.ActiveCfg = Release|x86
		{05ED0E32-B846-4DDC-910C-9E4E0B57CC2F}.Release|iPhoneSimulator.Build.0 = Release|x86
		{05ED0E32-B846-4DDC-910C-9E4E0B57CC2F}.Release|iPhoneSimulator.Deploy.0 = Release|x86
		{05ED0E32-B846-4DDC-910C-9E4E0B57CC2F}.Release|x64.ActiveCfg = Release|x64
		{05ED0E32-B846-4DDC-910C-9E4E0B57CC2F}.Release|x64.Build.0 = Release|x64
		{05ED0E32-B846-4DDC-910C-9E4E0B57CC2F}.Release|x64.Deploy.0 = Release|x64
		{05ED0E32-B846-4DDC-910C-9E4E0B57CC2F}.Release|x86.ActiveCfg = Release|x86
		{05ED0E32-B846-4DDC-910C-9E4E0B57CC2F}.Release|x86.Build.0 = Release|x86
		{05ED0E32-B846-4DDC-910C-9E4E0B57CC2F}.Release|x86.Deploy.0 = Release|x86
		{56FB4FF7-EFB3-4FBB-A219-FAE11AE9C974}.Debug|Any CPU.ActiveCfg = Debug|Any CPU
		{56FB4FF7-EFB3-4FBB-A219-FAE11AE9C974}.Debug|Any CPU.Build.0 = Debug|Any CPU
		{56FB4FF7-EFB3-4FBB-A219-FAE11AE9C974}.Debug|Any CPU.Deploy.0 = Debug|Any CPU
		{56FB4FF7-EFB3-4FBB-A219-FAE11AE9C974}.Debug|ARM.ActiveCfg = Debug|Any CPU
		{56FB4FF7-EFB3-4FBB-A219-FAE11AE9C974}.Debug|ARM.Build.0 = Debug|Any CPU
		{56FB4FF7-EFB3-4FBB-A219-FAE11AE9C974}.Debug|ARM.Deploy.0 = Debug|Any CPU
		{56FB4FF7-EFB3-4FBB-A219-FAE11AE9C974}.Debug|iPhone.ActiveCfg = Debug|Any CPU
		{56FB4FF7-EFB3-4FBB-A219-FAE11AE9C974}.Debug|iPhone.Build.0 = Debug|Any CPU
		{56FB4FF7-EFB3-4FBB-A219-FAE11AE9C974}.Debug|iPhone.Deploy.0 = Debug|Any CPU
		{56FB4FF7-EFB3-4FBB-A219-FAE11AE9C974}.Debug|iPhoneSimulator.ActiveCfg = Debug|Any CPU
		{56FB4FF7-EFB3-4FBB-A219-FAE11AE9C974}.Debug|iPhoneSimulator.Build.0 = Debug|Any CPU
		{56FB4FF7-EFB3-4FBB-A219-FAE11AE9C974}.Debug|iPhoneSimulator.Deploy.0 = Debug|Any CPU
		{56FB4FF7-EFB3-4FBB-A219-FAE11AE9C974}.Debug|x64.ActiveCfg = Debug|Any CPU
		{56FB4FF7-EFB3-4FBB-A219-FAE11AE9C974}.Debug|x64.Build.0 = Debug|Any CPU
		{56FB4FF7-EFB3-4FBB-A219-FAE11AE9C974}.Debug|x64.Deploy.0 = Debug|Any CPU
		{56FB4FF7-EFB3-4FBB-A219-FAE11AE9C974}.Debug|x86.ActiveCfg = Debug|Any CPU
		{56FB4FF7-EFB3-4FBB-A219-FAE11AE9C974}.Debug|x86.Build.0 = Debug|Any CPU
		{56FB4FF7-EFB3-4FBB-A219-FAE11AE9C974}.Debug|x86.Deploy.0 = Debug|Any CPU
		{56FB4FF7-EFB3-4FBB-A219-FAE11AE9C974}.Release|Any CPU.ActiveCfg = Release|Any CPU
		{56FB4FF7-EFB3-4FBB-A219-FAE11AE9C974}.Release|Any CPU.Build.0 = Release|Any CPU
		{56FB4FF7-EFB3-4FBB-A219-FAE11AE9C974}.Release|Any CPU.Deploy.0 = Release|Any CPU
		{56FB4FF7-EFB3-4FBB-A219-FAE11AE9C974}.Release|ARM.ActiveCfg = Release|Any CPU
		{56FB4FF7-EFB3-4FBB-A219-FAE11AE9C974}.Release|ARM.Build.0 = Release|Any CPU
		{56FB4FF7-EFB3-4FBB-A219-FAE11AE9C974}.Release|ARM.Deploy.0 = Release|Any CPU
		{56FB4FF7-EFB3-4FBB-A219-FAE11AE9C974}.Release|iPhone.ActiveCfg = Release|Any CPU
		{56FB4FF7-EFB3-4FBB-A219-FAE11AE9C974}.Release|iPhone.Build.0 = Release|Any CPU
		{56FB4FF7-EFB3-4FBB-A219-FAE11AE9C974}.Release|iPhone.Deploy.0 = Release|Any CPU
		{56FB4FF7-EFB3-4FBB-A219-FAE11AE9C974}.Release|iPhoneSimulator.ActiveCfg = Release|Any CPU
		{56FB4FF7-EFB3-4FBB-A219-FAE11AE9C974}.Release|iPhoneSimulator.Build.0 = Release|Any CPU
		{56FB4FF7-EFB3-4FBB-A219-FAE11AE9C974}.Release|iPhoneSimulator.Deploy.0 = Release|Any CPU
		{56FB4FF7-EFB3-4FBB-A219-FAE11AE9C974}.Release|x64.ActiveCfg = Release|Any CPU
		{56FB4FF7-EFB3-4FBB-A219-FAE11AE9C974}.Release|x64.Build.0 = Release|Any CPU
		{56FB4FF7-EFB3-4FBB-A219-FAE11AE9C974}.Release|x64.Deploy.0 = Release|Any CPU
		{56FB4FF7-EFB3-4FBB-A219-FAE11AE9C974}.Release|x86.ActiveCfg = Release|Any CPU
		{56FB4FF7-EFB3-4FBB-A219-FAE11AE9C974}.Release|x86.Build.0 = Release|Any CPU
		{56FB4FF7-EFB3-4FBB-A219-FAE11AE9C974}.Release|x86.Deploy.0 = Release|Any CPU
		{F3E179FB-4FD4-45E0-9870-7B0862BEA62D}.Debug|Any CPU.ActiveCfg = Debug|Any CPU
		{F3E179FB-4FD4-45E0-9870-7B0862BEA62D}.Debug|Any CPU.Build.0 = Debug|Any CPU
		{F3E179FB-4FD4-45E0-9870-7B0862BEA62D}.Debug|Any CPU.Deploy.0 = Debug|Any CPU
		{F3E179FB-4FD4-45E0-9870-7B0862BEA62D}.Debug|ARM.ActiveCfg = Debug|Any CPU
		{F3E179FB-4FD4-45E0-9870-7B0862BEA62D}.Debug|ARM.Build.0 = Debug|Any CPU
		{F3E179FB-4FD4-45E0-9870-7B0862BEA62D}.Debug|ARM.Deploy.0 = Debug|Any CPU
		{F3E179FB-4FD4-45E0-9870-7B0862BEA62D}.Debug|iPhone.ActiveCfg = Debug|Any CPU
		{F3E179FB-4FD4-45E0-9870-7B0862BEA62D}.Debug|iPhone.Build.0 = Debug|Any CPU
		{F3E179FB-4FD4-45E0-9870-7B0862BEA62D}.Debug|iPhone.Deploy.0 = Debug|Any CPU
		{F3E179FB-4FD4-45E0-9870-7B0862BEA62D}.Debug|iPhoneSimulator.ActiveCfg = Debug|Any CPU
		{F3E179FB-4FD4-45E0-9870-7B0862BEA62D}.Debug|iPhoneSimulator.Build.0 = Debug|Any CPU
		{F3E179FB-4FD4-45E0-9870-7B0862BEA62D}.Debug|iPhoneSimulator.Deploy.0 = Debug|Any CPU
		{F3E179FB-4FD4-45E0-9870-7B0862BEA62D}.Debug|x64.ActiveCfg = Debug|Any CPU
		{F3E179FB-4FD4-45E0-9870-7B0862BEA62D}.Debug|x64.Build.0 = Debug|Any CPU
		{F3E179FB-4FD4-45E0-9870-7B0862BEA62D}.Debug|x64.Deploy.0 = Debug|Any CPU
		{F3E179FB-4FD4-45E0-9870-7B0862BEA62D}.Debug|x86.ActiveCfg = Debug|Any CPU
		{F3E179FB-4FD4-45E0-9870-7B0862BEA62D}.Debug|x86.Build.0 = Debug|Any CPU
		{F3E179FB-4FD4-45E0-9870-7B0862BEA62D}.Debug|x86.Deploy.0 = Debug|Any CPU
		{F3E179FB-4FD4-45E0-9870-7B0862BEA62D}.Release|Any CPU.ActiveCfg = Release|Any CPU
		{F3E179FB-4FD4-45E0-9870-7B0862BEA62D}.Release|Any CPU.Build.0 = Release|Any CPU
		{F3E179FB-4FD4-45E0-9870-7B0862BEA62D}.Release|Any CPU.Deploy.0 = Release|Any CPU
		{F3E179FB-4FD4-45E0-9870-7B0862BEA62D}.Release|ARM.ActiveCfg = Release|Any CPU
		{F3E179FB-4FD4-45E0-9870-7B0862BEA62D}.Release|ARM.Build.0 = Release|Any CPU
		{F3E179FB-4FD4-45E0-9870-7B0862BEA62D}.Release|ARM.Deploy.0 = Release|Any CPU
		{F3E179FB-4FD4-45E0-9870-7B0862BEA62D}.Release|iPhone.ActiveCfg = Release|Any CPU
		{F3E179FB-4FD4-45E0-9870-7B0862BEA62D}.Release|iPhone.Build.0 = Release|Any CPU
		{F3E179FB-4FD4-45E0-9870-7B0862BEA62D}.Release|iPhone.Deploy.0 = Release|Any CPU
		{F3E179FB-4FD4-45E0-9870-7B0862BEA62D}.Release|iPhoneSimulator.ActiveCfg = Release|Any CPU
		{F3E179FB-4FD4-45E0-9870-7B0862BEA62D}.Release|iPhoneSimulator.Build.0 = Release|Any CPU
		{F3E179FB-4FD4-45E0-9870-7B0862BEA62D}.Release|iPhoneSimulator.Deploy.0 = Release|Any CPU
		{F3E179FB-4FD4-45E0-9870-7B0862BEA62D}.Release|x64.ActiveCfg = Release|Any CPU
		{F3E179FB-4FD4-45E0-9870-7B0862BEA62D}.Release|x64.Build.0 = Release|Any CPU
		{F3E179FB-4FD4-45E0-9870-7B0862BEA62D}.Release|x64.Deploy.0 = Release|Any CPU
		{F3E179FB-4FD4-45E0-9870-7B0862BEA62D}.Release|x86.ActiveCfg = Release|Any CPU
		{F3E179FB-4FD4-45E0-9870-7B0862BEA62D}.Release|x86.Build.0 = Release|Any CPU
		{F3E179FB-4FD4-45E0-9870-7B0862BEA62D}.Release|x86.Deploy.0 = Release|Any CPU
	EndGlobalSection
	GlobalSection(SolutionProperties) = preSolution
		HideSolutionNode = FALSE
	EndGlobalSection
	GlobalSection(ExtensibilityGlobals) = postSolution
		SolutionGuid = {4ED729FD-56AB-451E-BB17-92860949167A}
	EndGlobalSection
EndGlobal
